
Microsoft Visual Studio Solution File, Format Version 12.00
# Visual Studio Version 17
VisualStudioVersion = 17.0.31612.314
MinimumVisualStudioVersion = 10.0.40219.1
Project("{778DAE3C-4631-46EA-AA77-85C1314464D9}") = "Password123", "Password123\Password123.vbproj", "{0F5972DD-61D1-4CB2-9F37-1F5FD4FE97CF}"
EndProject
Project("{FAE04EC0-301F-11D3-BF4B-00C04F79EFBC}") = "Password123.Blazor", "Password123.Blazor\Password123.Blazor.csproj", "{FE4840A7-1269-488E-ADA4-0112B0491957}"
EndProject
Project("{F184B08F-C81C-45F6-A57F-5ABD9991F28F}") = "Password123.Core", "Password123.Core\Password123.Core.vbproj", "{1F538F0F-96A0-4926-B21A-8D413C677D1D}"
EndProject
Global
	GlobalSection(SolutionConfigurationPlatforms) = preSolution
		Debug|Any CPU = Debug|Any CPU
		Release|Any CPU = Release|Any CPU
	EndGlobalSection
	GlobalSection(ProjectConfigurationPlatforms) = postSolution
		{0F5972DD-61D1-4CB2-9F37-1F5FD4FE97CF}.Debug|Any CPU.ActiveCfg = Debug|Any CPU
		{0F5972DD-61D1-4CB2-9F37-1F5FD4FE97CF}.Debug|Any CPU.Build.0 = Debug|Any CPU
		{0F5972DD-61D1-4CB2-9F37-1F5FD4FE97CF}.Release|Any CPU.ActiveCfg = Release|Any CPU
		{0F5972DD-61D1-4CB2-9F37-1F5FD4FE97CF}.Release|Any CPU.Build.0 = Release|Any CPU
		{FE4840A7-1269-488E-ADA4-0112B0491957}.Debug|Any CPU.ActiveCfg = Debug|Any CPU
		{FE4840A7-1269-488E-ADA4-0112B0491957}.Debug|Any CPU.Build.0 = Debug|Any CPU
		{FE4840A7-1269-488E-ADA4-0112B0491957}.Release|Any CPU.ActiveCfg = Release|Any CPU
		{FE4840A7-1269-488E-ADA4-0112B0491957}.Release|Any CPU.Build.0 = Release|Any CPU
		{1F538F0F-96A0-4926-B21A-8D413C677D1D}.Debug|Any CPU.ActiveCfg = Debug|Any CPU
		{1F538F0F-96A0-4926-B21A-8D413C677D1D}.Debug|Any CPU.Build.0 = Debug|Any CPU
		{1F538F0F-96A0-4926-B21A-8D413C677D1D}.Release|Any CPU.ActiveCfg = Release|Any CPU
		{1F538F0F-96A0-4926-B21A-8D413C677D1D}.Release|Any CPU.Build.0 = Release|Any CPU
	EndGlobalSection
	GlobalSection(SolutionProperties) = preSolution
		HideSolutionNode = FALSE
	EndGlobalSection
	GlobalSection(ExtensibilityGlobals) = postSolution
		SolutionGuid = {E5960220-A699-4129-9E61-F5D5F55CA322}
	EndGlobalSection
EndGlobal
